Microsoft Visual Studio Solution File, Format Version 12.00
# Visual Studio Version 17
VisualStudioVersion = 17.5.2.0
MinimumVisualStudioVersion = 10.0.40219.1
Project("{FAE04EC0-301F-11D3-BF4B-00C04F79EFBC}") = "Lesson11_part2", "Lesson11_part2.csproj", "{721BD3C9-AEB5-3171-9FC1-8DB48A5A4DA3}"
EndProject
Global
	GlobalSection(SolutionConfigurationPlatforms) = preSolution
		Debug|Any CPU = Debug|Any CPU
		Release|Any CPU = Release|Any CPU
	EndGlobalSection
	GlobalSection(ProjectConfigurationPlatforms) = postSolution
		{721BD3C9-AEB5-3171-9FC1-8DB48A5A4DA3}.Debug|Any CPU.ActiveCfg = Debug|Any CPU
		{721BD3C9-AEB5-3171-9FC1-8DB48A5A4DA3}.Debug|Any CPU.Build.0 = Debug|Any CPU
		{721BD3C9-AEB5-3171-9FC1-8DB48A5A4DA3}.Release|Any CPU.ActiveCfg = Release|Any CPU
		{721BD3C9-AEB5-3171-9FC1-8DB48A5A4DA3}.Release|Any CPU.Build.0 = Release|Any CPU
	EndGlobalSection
	GlobalSection(SolutionProperties) = preSolution
		HideSolutionNode = FALSE
	EndGlobalSection
	GlobalSection(ExtensibilityGlobals) = postSolution
		SolutionGuid = {06EF6FEF-AF73-4077-BD58-7DD26AE09726}
	EndGlobalSection
EndGlobal
